// !$*UTF8*$!
{
	archiveVersion = 1;
	classes = {
	};
	objectVersion = 46;
	objects = {

/* Begin PBXBuildFile section */
		D80670491D2E23A00092793B /* AppDelegate.swift in Sources */ = {isa = PBXBuildFile; fileRef = D80670481D2E23A00092793B /* AppDelegate.swift */; };
		D806704B1D2E23A00092793B /* ViewController.swift in Sources */ = {isa = PBXBuildFile; fileRef = D806704A1D2E23A00092793B /* ViewController.swift */; };
		D806704E1D2E23A00092793B /* Main.storyboard in Resources */ = {isa = PBXBuildFile; fileRef = D806704C1D2E23A00092793B /* Main.storyboard */; };
		D80670501D2E23A00092793B /* Assets.xcassets in Resources */ = {isa = PBXBuildFile; fileRef = D806704F1D2E23A00092793B /* Assets.xcassets */; };
		D80670531D2E23A00092793B /* LaunchScreen.storyboard in Resources */ = {isa = PBXBuildFile; fileRef = D80670511D2E23A00092793B /* LaunchScreen.storyboard */; };
		D806705E1D2E23A00092793B /* iOS_ExampleTests.swift in Sources */ = {isa = PBXBuildFile; fileRef = D806705D1D2E23A00092793B /* iOS_ExampleTests.swift */; };
		D80670701D2E23C30092793B /* Swignal.swift in Sources */ = {isa = PBXBuildFile; fileRef = D80670691D2E23C30092793B /* Swignal.swift */; };
		D80670711D2E23C30092793B /* Swignal0Args.swift in Sources */ = {isa = PBXBuildFile; fileRef = D806706A1D2E23C30092793B /* Swignal0Args.swift */; };
		D80670721D2E23C30092793B /* Swignal1Arg.swift in Sources */ = {isa = PBXBuildFile; fileRef = D806706B1D2E23C30092793B /* Swignal1Arg.swift */; };
		D80670731D2E23C30092793B /* Swignal2Args.swift in Sources */ = {isa = PBXBuildFile; fileRef = D806706C1D2E23C30092793B /* Swignal2Args.swift */; };
		D80670741D2E23C30092793B /* Swignal3Args.swift in Sources */ = {isa = PBXBuildFile; fileRef = D806706D1D2E23C30092793B /* Swignal3Args.swift */; };
		D80670751D2E23C30092793B /* Swignal4Args.swift in Sources */ = {isa = PBXBuildFile; fileRef = D806706E1D2E23C30092793B /* Swignal4Args.swift */; };
		D80670761D2E23C30092793B /* Swignal5Args.swift in Sources */ = {isa = PBXBuildFile; fileRef = D806706F1D2E23C30092793B /* Swignal5Args.swift */; };
/* End PBXBuildFile section */

/* Begin PBXContainerItemProxy section */
		D806705A1D2E23A00092793B /* PBXContainerItemProxy */ = {
			isa = PBXContainerItemProxy;
			containerPortal = D806703D1D2E23A00092793B /* Project object */;
			proxyType = 1;
			remoteGlobalIDString = D80670441D2E23A00092793B;
			remoteInfo = "iOS Example";
		};
/* End PBXContainerItemProxy section */

/* Begin PBXFileReference section */
		D80670451D2E23A00092793B /* iOS Example.app */ = {isa = PBXFileReference; explicitFileType = wrapper.application; includeInIndex = 0; path = "iOS Example.app"; sourceTree = BUILT_PRODUCTS_DIR; };
		D80670481D2E23A00092793B /* AppDelegate.swift */ = {isa = PBXFileReference; lastKnownFileType = sourcecode.swift; path = AppDelegate.swift; sourceTree = "<group>"; };
		D806704A1D2E23A00092793B /* ViewController.swift */ = {isa = PBXFileReference; lastKnownFileType = sourcecode.swift; path = ViewController.swift; sourceTree = "<group>"; };
		D806704D1D2E23A00092793B /* Base */ = {isa = PBXFileReference; lastKnownFileType = file.storyboard; name = Base; path = Base.lproj/Main.storyboard; sourceTree = "<group>"; };
		D806704F1D2E23A00092793B /* Assets.xcassets */ = {isa = PBXFileReference; lastKnownFileType = folder.assetcatalog; path = Assets.xcassets; sourceTree = "<group>"; };
		D80670521D2E23A00092793B /* Base */ = {isa = PBXFileReference; lastKnownFileType = file.storyboard; name = Base; path = Base.lproj/LaunchScreen.storyboard; sourceTree = "<group>"; };
		D80670541D2E23A00092793B /* Info.plist */ = {isa = PBXFileReference; lastKnownFileType = text.plist.xml; path = Info.plist; sourceTree = "<group>"; };
		D80670591D2E23A00092793B /* iOS ExampleTests.xctest */ = {isa = PBXFileReference; explicitFileType = wrapper.cfbundle; includeInIndex = 0; path = "iOS ExampleTests.xctest"; sourceTree = BUILT_PRODUCTS_DIR; };
		D806705D1D2E23A00092793B /* iOS_ExampleTests.swift */ = {isa = PBXFileReference; lastKnownFileType = sourcecode.swift; path = iOS_ExampleTests.swift; sourceTree = "<group>"; };
		D806705F1D2E23A00092793B /* Info.plist */ = {isa = PBXFileReference; lastKnownFileType = text.plist.xml; path = Info.plist; sourceTree = "<group>"; };
		D80670691D2E23C30092793B /* Swignal.swift */ = {isa = PBXFileReference; fileEncoding = 4; lastKnownFileType = sourcecode.swift; path = Swignal.swift; sourceTree = "<group>"; };
		D806706A1D2E23C30092793B /* Swignal0Args.swift */ = {isa = PBXFileReference; fileEncoding = 4; lastKnownFileType = sourcecode.swift; path = Swignal0Args.swift; sourceTree = "<group>"; };
		D806706B1D2E23C30092793B /* Swignal1Arg.swift */ = {isa = PBXFileReference; fileEncoding = 4; lastKnownFileType = sourcecode.swift; path = Swignal1Arg.swift; sourceTree = "<group>"; };
		D806706C1D2E23C30092793B /* Swignal2Args.swift */ = {isa = PBXFileReference; fileEncoding = 4; lastKnownFileType = sourcecode.swift; path = Swignal2Args.swift; sourceTree = "<group>"; };
		D806706D1D2E23C30092793B /* Swignal3Args.swift */ = {isa = PBXFileReference; fileEncoding = 4; lastKnownFileType = sourcecode.swift; path = Swignal3Args.swift; sourceTree = "<group>"; };
		D806706E1D2E23C30092793B /* Swignal4Args.swift */ = {isa = PBXFileReference; fileEncoding = 4; lastKnownFileType = sourcecode.swift; path = Swignal4Args.swift; sourceTree = "<group>"; };
		D806706F1D2E23C30092793B /* Swignal5Args.swift */ = {isa = PBXFileReference; fileEncoding = 4; lastKnownFileType = sourcecode.swift; path = Swignal5Args.swift; sourceTree = "<group>"; };
/* End PBXFileReference section */

/* Begin PBXFrameworksBuildPhase section */
		D80670421D2E23A00092793B /* Frameworks */ = {
			isa = PBXFrameworksBuildPhase;
			buildActionMask = 2147483647;
			files = (
			);
			runOnlyForDeploymentPostprocessing = 0;
		};
		D80670561D2E23A00092793B /* Frameworks */ = {
			isa = PBXFrameworksBuildPhase;
			buildActionMask = 2147483647;
			files = (
			);
			runOnlyForDeploymentPostprocessing = 0;
		};
/* End PBXFrameworksBuildPhase section */

/* Begin PBXGroup section */
		D806703C1D2E23A00092793B = {
			isa = PBXGroup;
			children = (
				D80670471D2E23A00092793B /* iOS Example */,
				D806705C1D2E23A00092793B /* iOS ExampleTests */,
				D80670461D2E23A00092793B /* Products */,
			);
			sourceTree = "<group>";
		};
		D80670461D2E23A00092793B /* Products */ = {
			isa = PBXGroup;
			children = (
				D80670451D2E23A00092793B /* iOS Example.app */,
				D80670591D2E23A00092793B /* iOS ExampleTests.xctest */,
			);
			name = Products;
			sourceTree = "<group>";
		};
		D80670471D2E23A00092793B /* iOS Example */ = {
			isa = PBXGroup;
			children = (
				D80670681D2E23C30092793B /* Swignals */,
				D80670481D2E23A00092793B /* AppDelegate.swift */,
				D806704A1D2E23A00092793B /* ViewController.swift */,
				D806704C1D2E23A00092793B /* Main.storyboard */,
				D806704F1D2E23A00092793B /* Assets.xcassets */,
				D80670511D2E23A00092793B /* LaunchScreen.storyboard */,
				D80670541D2E23A00092793B /* Info.plist */,
			);
			path = "iOS Example";
			sourceTree = "<group>";
		};
		D806705C1D2E23A00092793B /* iOS ExampleTests */ = {
			isa = PBXGroup;
			children = (
				D806705D1D2E23A00092793B /* iOS_ExampleTests.swift */,
				D806705F1D2E23A00092793B /* Info.plist */,
			);
			path = "iOS ExampleTests";
			sourceTree = "<group>";
		};
		D80670681D2E23C30092793B /* Swignals */ = {
			isa = PBXGroup;
			children = (
				D80670691D2E23C30092793B /* Swignal.swift */,
				D806706A1D2E23C30092793B /* Swignal0Args.swift */,
				D806706B1D2E23C30092793B /* Swignal1Arg.swift */,
				D806706C1D2E23C30092793B /* Swignal2Args.swift */,
				D806706D1D2E23C30092793B /* Swignal3Args.swift */,
				D806706E1D2E23C30092793B /* Swignal4Args.swift */,
				D806706F1D2E23C30092793B /* Swignal5Args.swift */,
			);
			name = Swignals;
			path = ../../Source;
			sourceTree = "<group>";
		};
/* End PBXGroup section */

/* Begin PBXNativeTarget section */
		D80670441D2E23A00092793B /* iOS Example */ = {
			isa = PBXNativeTarget;
			buildConfigurationList = D80670621D2E23A00092793B /* Build configuration list for PBXNativeTarget "iOS Example" */;
			buildPhases = (
				D80670411D2E23A00092793B /* Sources */,
				D80670421D2E23A00092793B /* Frameworks */,
				D80670431D2E23A00092793B /* Resources */,
			);
			buildRules = (
			);
			dependencies = (
			);
			name = "iOS Example";
			productName = "iOS Example";
			productReference = D80670451D2E23A00092793B /* iOS Example.app */;
			productType = "com.apple.product-type.application";
		};
		D80670581D2E23A00092793B /* iOS ExampleTests */ = {
			isa = PBXNativeTarget;
			buildConfigurationList = D80670651D2E23A00092793B /* Build configuration list for PBXNativeTarget "iOS ExampleTests" */;
			buildPhases = (
				D80670551D2E23A00092793B /* Sources */,
				D80670561D2E23A00092793B /* Frameworks */,
				D80670571D2E23A00092793B /* Resources */,
			);
			buildRules = (
			);
			dependencies = (
				D806705B1D2E23A00092793B /* PBXTargetDependency */,
			);
			name = "iOS ExampleTests";
			productName = "iOS ExampleTests";
			productReference = D80670591D2E23A00092793B /* iOS ExampleTests.xctest */;
			productType = "com.apple.product-type.bundle.unit-test";
		};
/* End PBXNativeTarget section */

/* Begin PBXProject section */
		D806703D1D2E23A00092793B /* Project object */ = {
			isa = PBXProject;
			attributes = {
				LastSwiftUpdateCheck = 0730;
				LastUpgradeCheck = 0730;
				ORGANIZATIONNAME = Swignals;
				TargetAttributes = {
					D80670441D2E23A00092793B = {
						CreatedOnToolsVersion = 7.3.1;
					};
					D80670581D2E23A00092793B = {
						CreatedOnToolsVersion = 7.3.1;
						TestTargetID = D80670441D2E23A00092793B;
					};
				};
			};
			buildConfigurationList = D80670401D2E23A00092793B /* Build configuration list for PBXProject "iOS Example" */;
			compatibilityVersion = "Xcode 3.2";
			developmentRegion = English;
			hasScannedForEncodings = 0;
			knownRegions = (
				en,
				Base,
			);
			mainGroup = D806703C1D2E23A00092793B;
			productRefGroup = D80670461D2E23A00092793B /* Products */;
			projectDirPath = "";
			projectRoot = "";
			targets = (
				D80670441D2E23A00092793B /* iOS Example */,
				D80670581D2E23A00092793B /* iOS ExampleTests */,
			);
		};
/* End PBXProject section */

/* Begin PBXResourcesBuildPhase section */
		D80670431D2E23A00092793B /* Resources */ = {
			isa = PBXResourcesBuildPhase;
			buildActionMask = 2147483647;
			files = (
				D80670531D2E23A00092793B /* LaunchScreen.storyboard in Resources */,
				D80670501D2E23A00092793B /* Assets.xcassets in Resources */,
				D806704E1D2E23A00092793B /* Main.storyboard in Resources */,
			);
			runOnlyForDeploymentPostprocessing = 0;
		};
		D80670571D2E23A00092793B /* Resources */ = {
			isa = PBXResourcesBuildPhase;
			buildActionMask = 2147483647;
			files = (
			);
			runOnlyForDeploymentPostprocessing = 0;
		};
/* End PBXResourcesBuildPhase section */

/* Begin PBXSourcesBuildPhase section */
		D80670411D2E23A00092793B /* Sources */ = {
			isa = PBXSourcesBuildPhase;
			buildActionMask = 2147483647;
			files = (
				D80670721D2E23C30092793B /* Swignal1Arg.swift in Sources */,
				D80670741D2E23C30092793B /* Swignal3Args.swift in Sources */,
				D80670701D2E23C30092793B /* Swignal.swift in Sources */,
				D80670751D2E23C30092793B /* Swignal4Args.swift in Sources */,
				D806704B1D2E23A00092793B /* ViewController.swift in Sources */,
				D80670491D2E23A00092793B /* AppDelegate.swift in Sources */,
				D80670711D2E23C30092793B /* Swignal0Args.swift in Sources */,
				D80670731D2E23C30092793B /* Swignal2Args.swift in Sources */,
				D80670761D2E23C30092793B /* Swignal5Args.swift in Sources */,
			);
			runOnlyForDeploymentPostprocessing = 0;
		};
		D80670551D2E23A00092793B /* Sources */ = {
			isa = PBXSourcesBuildPhase;
			buildActionMask = 2147483647;
			files = (
				D806705E1D2E23A00092793B /* iOS_ExampleTests.swift in Sources */,
			);
			runOnlyForDeploymentPostprocessing = 0;
		};
/* End PBXSourcesBuildPhase section */

/* Begin PBXTargetDependency section */
		D806705B1D2E23A00092793B /* PBXTargetDependency */ = {
			isa = PBXTargetDependency;
			target = D80670441D2E23A00092793B /* iOS Example */;
			targetProxy = D806705A1D2E23A00092793B /* PBXContainerItemProxy */;
		};
/* End PBXTargetDependency section */

/* Begin PBXVariantGroup section */
		D806704C1D2E23A00092793B /* Main.storyboard */ = {
			isa = PBXVariantGroup;
			children = (
				D806704D1D2E23A00092793B /* Base */,
			);
			name = Main.storyboard;
			sourceTree = "<group>";
		};
		D80670511D2E23A00092793B /* LaunchScreen.storyboard */ = {
			isa = PBXVariantGroup;
			children = (
				D80670521D2E23A00092793B /* Base */,
			);
			name = LaunchScreen.storyboard;
			sourceTree = "<group>";
		};
/* End PBXVariantGroup section */

/* Begin XCBuildConfiguration section */
		D80670601D2E23A00092793B /* Debug */ = {
			isa = XCBuildConfiguration;
			buildSettings = {
				ALWAYS_SEARCH_USER_PATHS = NO;
				CLANG_ANALYZER_NONNULL = YES;
				CLANG_CXX_LANGUAGE_STANDARD = "gnu++0x";
				CLANG_CXX_LIBRARY = "libc++";
				CLANG_ENABLE_MODULES = YES;
				CLANG_ENABLE_OBJC_ARC = YES;
				CLANG_WARN_BOOL_CONVERSION = YES;
				CLANG_WARN_CONSTANT_CONVERSION = YES;
				CLANG_WARN_DIRECT_OBJC_ISA_USAGE = YES_ERROR;
				CLANG_WARN_EMPTY_BODY = YES;
				CLANG_WARN_ENUM_CONVERSION = YES;
				CLANG_WARN_INT_CONVERSION = YES;
				CLANG_WARN_OBJC_ROOT_CLASS = YES_ERROR;
				CLANG_WARN_UNREACHABLE_CODE = YES;
				CLANG_WARN__DUPLICATE_METHOD_MATCH = YES;
				"CODE_SIGN_IDENTITY[sdk=iphoneos*]" = "iPhone Developer";
				COPY_PHASE_STRIP = NO;
				DEBUG_INFORMATION_FORMAT = dwarf;
				ENABLE_STRICT_OBJC_MSGSEND = YES;
				ENABLE_TESTABILITY = YES;
				GCC_C_LANGUAGE_STANDARD = gnu99;
				GCC_DYNAMIC_NO_PIC = NO;
				GCC_NO_COMMON_BLOCKS = YES;
				GCC_OPTIMIZATION_LEVEL = 0;
				GCC_PREPROCESSOR_DEFINITIONS = (
					"DEBUG=1",
					"$(inherited)",
				);
				GCC_WARN_64_TO_32_BIT_CONVERSION = YES;
				GCC_WARN_ABOUT_RETURN_TYPE = YES_ERROR;
				GCC_WARN_UNDECLARED_SELECTOR = YES;
				GCC_WARN_UNINITIALIZED_AUTOS = YES_AGGRESSIVE;
				GCC_WARN_UNUSED_FUNCTION = YES;
				GCC_WARN_UNUSED_VARIABLE = YES;
				IPHONEOS_DEPLOYMENT_TARGET = 9.3;
				MTL_ENABLE_DEBUG_INFO = YES;
				ONLY_ACTIVE_ARCH = YES;
				SDKROOT = iphoneos;
				SWIFT_OPTIMIZATION_LEVEL = "-Onone";
				TARGETED_DEVICE_FAMILY = "1,2";
			};
			name = Debug;
		};
		D80670611D2E23A00092793B /* Release */ = {
			isa = XCBuildConfiguration;
			buildSettings = {
				ALWAYS_SEARCH_USER_PATHS = NO;
				CLANG_ANALYZER_NONNULL = YES;
				CLANG_CXX_LANGUAGE_STANDARD = "gnu++0x";
				CLANG_CXX_LIBRARY = "libc++";
				CLANG_ENABLE_MODULES = YES;
				CLANG_ENABLE_OBJC_ARC = YES;
				CLANG_WARN_BOOL_CONVERSION = YES;
				CLANG_WARN_CONSTANT_CONVERSION = YES;
				CLANG_WARN_DIRECT_OBJC_ISA_USAGE = YES_ERROR;
				CLANG_WARN_EMPTY_BODY = YES;
				CLANG_WARN_ENUM_CONVERSION = YES;
				CLANG_WARN_INT_CONVERSION = YES;
				CLANG_WARN_OBJC_ROOT_CLASS = YES_ERROR;
				CLANG_WARN_UNREACHABLE_CODE = YES;
				CLANG_WARN__DUPLICATE_METHOD_MATCH = YES;
				"CODE_SIGN_IDENTITY[sdk=iphoneos*]" = "iPhone Developer";
				COPY_PHASE_STRIP = NO;
				DEBUG_INFORMATION_FORMAT = "dwarf-with-dsym";
				ENABLE_NS_ASSERTIONS = NO;
				ENABLE_STRICT_OBJC_MSGSEND = YES;
				GCC_C_LANGUAGE_STANDARD = gnu99;
				GCC_NO_COMMON_BLOCKS = YES;
				GCC_WARN_64_TO_32_BIT_CONVERSION = YES;
				GCC_WARN_ABOUT_RETURN_TYPE = YES_ERROR;
				GCC_WARN_UNDECLARED_SELECTOR = YES;
				GCC_WARN_UNINITIALIZED_AUTOS = YES_AGGRESSIVE;
				GCC_WARN_UNUSED_FUNCTION = YES;
				GCC_WARN_UNUSED_VARIABLE = YES;
				IPHONEOS_DEPLOYMENT_TARGET = 9.3;
				MTL_ENABLE_DEBUG_INFO = NO;
				SDKROOT = iphoneos;
				TARGETED_DEVICE_FAMILY = "1,2";
				VALIDATE_PRODUCT = YES;
			};
			name = Release;
		};
		D80670631D2E23A00092793B /* Debug */ = {
			isa = XCBuildConfiguration;
			buildSettings = {
				ASSETCATALOG_COMPILER_APPICON_NAME = AppIcon;
				INFOPLIST_FILE = "iOS Example/Info.plist";
				LD_RUNPATH_SEARCH_PATHS = "$(inherited) @executable_path/Frameworks";
				PRODUCT_BUNDLE_IDENTIFIER = "com.swignals.iOS-Example";
				PRODUCT_NAME = "$(TARGET_NAME)";
				TARGETED_DEVICE_FAMILY = 1;
			};
			name = Debug;
		};
		D80670641D2E23A00092793B /* Release */ = {
			isa = XCBuildConfiguration;
			buildSettings = {
				ASSETCATALOG_COMPILER_APPICON_NAME = AppIcon;
				INFOPLIST_FILE = "iOS Example/Info.plist";
				LD_RUNPATH_SEARCH_PATHS = "$(inherited) @executable_path/Frameworks";
				PRODUCT_BUNDLE_IDENTIFIER = "com.swignals.iOS-Example";
				PRODUCT_NAME = "$(TARGET_NAME)";
				TARGETED_DEVICE_FAMILY = 1;
			};
			name = Release;
		};
		D80670661D2E23A00092793B /* Debug */ = {
			isa = XCBuildConfiguration;
			buildSettings = {
				BUNDLE_LOADER = "$(TEST_HOST)";
				INFOPLIST_FILE = "iOS ExampleTests/Info.plist";
				LD_RUNPATH_SEARCH_PATHS = "$(inherited) @executable_path/Frameworks @loader_path/Frameworks";
				PRODUCT_BUNDLE_IDENTIFIER = "com.swignals.iOS-ExampleTests";
				PRODUCT_NAME = "$(TARGET_NAME)";
				TEST_HOST = "$(BUILT_PRODUCTS_DIR)/iOS Example.app/iOS Example";
			};
			name = Debug;
		};
		D80670671D2E23A00092793B /* Release */ = {
			isa = XCBuildConfiguration;
			buildSettings = {
				BUNDLE_LOADER = "$(TEST_HOST)";
				INFOPLIST_FILE = "iOS ExampleTests/Info.plist";
				LD_RUNPATH_SEARCH_PATHS = "$(inherited) @executable_path/Frameworks @loader_path/Frameworks";
				PRODUCT_BUNDLE_IDENTIFIER = "com.swignals.iOS-ExampleTests";
				PRODUCT_NAME = "$(TARGET_NAME)";
				TEST_HOST = "$(BUILT_PRODUCTS_DIR)/iOS Example.app/iOS Example";
			};
			name = Release;
		};
/* End XCBuildConfiguration section */

/* Begin XCConfigurationList section */
		D80670401D2E23A00092793B /* Build configuration list for PBXProject "iOS Example" */ = {
			isa = XCConfigurationList;
			buildConfigurations = (
				D80670601D2E23A00092793B /* Debug */,
				D80670611D2E23A00092793B /* Release */,
			);
			defaultConfigurationIsVisible = 0;
			defaultConfigurationName = Release;
		};
		D80670621D2E23A00092793B /* Build configuration list for PBXNativeTarget "iOS Example" */ = {
			isa = XCConfigurationList;
			buildConfigurations = (
				D80670631D2E23A00092793B /* Debug */,
				D80670641D2E23A00092793B /* Release */,
			);
			defaultConfigurationIsVisible = 0;
			defaultConfigurationName = Release;
		};
		D80670651D2E23A00092793B /* Build configuration list for PBXNativeTarget "iOS ExampleTests" */ = {
			isa = XCConfigurationList;
			buildConfigurations = (
				D80670661D2E23A00092793B /* Debug */,
				D80670671D2E23A00092793B /* Release */,
			);
			defaultConfigurationIsVisible = 0;
			defaultConfigurationName = Release;
		};
/* End XCConfigurationList section */
	};
	rootObject = D806703D1D2E23A00092793B /* Project object */;
}
